
Microsoft Visual Studio Solution File, Format Version 12.00
# Visual Studio Version 17
VisualStudioVersion = 17.7.34031.279
MinimumVisualStudioVersion = 10.0.40219.1
Project("{9A19103F-16F7-4668-BE54-9A1E7A4F7556}") = "DemoVariables_v0.1", "DemoVariables_v0.1\DemoVariables_v0.1.csproj", "{ED8AE6B9-B31A-436B-95B2-2537106AA4C4}"
EndProject
Project("{9A19103F-16F7-4668-BE54-9A1E7A4F7556}") = "TaskNoOne", "TaskNoOne\TaskNoOne.csproj", "{47B93853-84C3-486D-B72C-878D97CD9924}"
EndProject
Project("{9A19103F-16F7-4668-BE54-9A1E7A4F7556}") = "TaskNoTwo20231017", "TaskNoTwo20231017\TaskNoTwo20231017.csproj", "{DDBC5855-2AF0-4093-B800-5321A30D8166}"
EndProject
Project("{9A19103F-16F7-4668-BE54-9A1E7A4F7556}") = "TaskNoThree20231017", "TaskNoThree20231017\TaskNoThree20231017.csproj", "{320848C9-449A-477E-9747-7155806B9FDC}"
EndProject
Project("{9A19103F-16F7-4668-BE54-9A1E7A4F7556}") = "TaskNoFour20231017", "TaskNoFour20231017\TaskNoFour20231017.csproj", "{9293A533-B640-42BF-9DC6-B0EB7BC5795D}"
EndProject
Project("{9A19103F-16F7-4668-BE54-9A1E7A4F7556}") = "TaskNoFive", "TaskNoFive\TaskNoFive.csproj", "{E7BFF5DC-C91E-4521-AA5D-B796578041F3}"
EndProject
Project("{9A19103F-16F7-4668-BE54-9A1E7A4F7556}") = "TaskNo_07", "TaskNo_07\TaskNo_07.csproj", "{2BA67EB6-2B4B-472F-8ADC-BBB4945E2269}"
EndProject
Project("{2150E333-8FDC-42A3-9474-1A3956D46DE8}") = "Variables", "Variables", "{225759EE-2593-4D33-A983-9A094B0C43B1}"
EndProject
Project("{2150E333-8FDC-42A3-9474-1A3956D46DE8}") = "Task 01", "Task 01", "{7B1883C7-D86C-4293-9236-6CC260F4F2CF}"
EndProject
Project("{2150E333-8FDC-42A3-9474-1A3956D46DE8}") = "Task 02", "Task 02", "{C39ADC83-33A8-4F32-B936-486CC991987B}"
EndProject
Project("{2150E333-8FDC-42A3-9474-1A3956D46DE8}") = "Task 03", "Task 03", "{980D583B-6B8A-4ECE-B7B3-B97E6709D9FA}"
EndProject
Project("{2150E333-8FDC-42A3-9474-1A3956D46DE8}") = "Task 04", "Task 04", "{A455F025-7B53-4147-A550-A18D0D4F1AEA}"
EndProject
Project("{2150E333-8FDC-42A3-9474-1A3956D46DE8}") = "Task 04 and 05", "Task 04 and 05", "{C92A6762-4E17-4A8D-9333-1DE6F27E68CE}"
EndProject
Project("{2150E333-8FDC-42A3-9474-1A3956D46DE8}") = "Task 08", "Task 08", "{71AB07D4-2DA0-484A-894F-487E9B591FDF}"
EndProject
Project("{2150E333-8FDC-42A3-9474-1A3956D46DE8}") = "Task 07", "Task 07", "{A38A0D8F-2F94-40CB-B954-5E8DBEC3D10F}"
EndProject
Project("{9A19103F-16F7-4668-BE54-9A1E7A4F7556}") = "TaskNo08", "TaskNo08\TaskNo08.csproj", "{94065533-34B3-4F68-BF26-324222A9AF53}"
EndProject
Project("{2150E333-8FDC-42A3-9474-1A3956D46DE8}") = "Task 09", "Task 09", "{BFBBA70D-E657-4468-9BCE-4376D162FCF7}"
EndProject
Project("{9A19103F-16F7-4668-BE54-9A1E7A4F7556}") = "TaskNo09", "TaskNo09\TaskNo09.csproj", "{6582E921-08B6-44F9-8F1B-0304675D9616}"
EndProject
Project("{2150E333-8FDC-42A3-9474-1A3956D46DE8}") = "Task 10", "Task 10", "{7F58B8AD-AB4F-4A78-9DE8-4CE6EFF1BEDC}"
EndProject
Project("{9A19103F-16F7-4668-BE54-9A1E7A4F7556}") = "TaskNo10", "TaskNo10\TaskNo10.csproj", "{4AD5E97A-F87C-40E8-980D-92C7558B6A57}"
EndProject
Project("{2150E333-8FDC-42A3-9474-1A3956D46DE8}") = "Task 11", "Task 11", "{C0102214-D89F-4D0B-ACD3-1C8601F81A7C}"
EndProject
Project("{9A19103F-16F7-4668-BE54-9A1E7A4F7556}") = "TaskNo11", "TaskNo11\TaskNo11.csproj", "{9AA5B3AA-630F-405E-81BC-99221CBF112B}"
EndProject
Project("{2150E333-8FDC-42A3-9474-1A3956D46DE8}") = "Task 12", "Task 12", "{04591322-BBE4-402E-A455-B5EB7C789C07}"
EndProject
Project("{9A19103F-16F7-4668-BE54-9A1E7A4F7556}") = "TaskNo12", "TaskNo12\TaskNo12.csproj", "{77400178-E5EE-4969-B611-61F1875A7451}"
EndProject
Project("{2150E333-8FDC-42A3-9474-1A3956D46DE8}") = "Task 13", "Task 13", "{18C3EE06-DB15-49D6-8198-345F3970DB9B}"
EndProject
Project("{FAE04EC0-301F-11D3-BF4B-00C04F79EFBC}") = "TaskNo13", "TaskNo13\TaskNo13.csproj", "{44C6270C-81D9-42FE-981B-1C42D984B8E6}"
EndProject
Project("{2150E333-8FDC-42A3-9474-1A3956D46DE8}") = "Task 14", "Task 14", "{46BA3F9A-8416-4527-AAC0-FC5A66E7A08C}"
EndProject
Project("{FAE04EC0-301F-11D3-BF4B-00C04F79EFBC}") = "TaskNo14", "TaskNo14\TaskNo14.csproj", "{E6EE0382-D5D5-4B93-897C-652EC13D6072}"
EndProject
Project("{2150E333-8FDC-42A3-9474-1A3956D46DE8}") = "Task 15", "Task 15", "{D8CB1209-2C94-47E7-A999-77B7A98F2CFE}"
EndProject
Project("{FAE04EC0-301F-11D3-BF4B-00C04F79EFBC}") = "TaskNo15", "TaskNo15\TaskNo15.csproj", "{477658CA-9C18-444D-A679-FD7F7363CD42}"
EndProject
Project("{2150E333-8FDC-42A3-9474-1A3956D46DE8}") = "Task 16", "Task 16", "{D8992B33-DBF9-420E-A2D4-073F6F2636A1}"
EndProject
Project("{FAE04EC0-301F-11D3-BF4B-00C04F79EFBC}") = "TaskNo16", "TaskNo16\TaskNo16.csproj", "{6C46A9F1-80B2-4486-AE7D-B5DCCA53EEF5}"
EndProject
Project("{2150E333-8FDC-42A3-9474-1A3956D46DE8}") = "Task 17", "Task 17", "{4BA0DB4B-3E3A-4E9D-8F92-9490A134159D}"
EndProject
Project("{FAE04EC0-301F-11D3-BF4B-00C04F79EFBC}") = "TaskNo17", "TaskNo17\TaskNo17.csproj", "{6FD830CA-40D4-4CE4-B143-268AC5CD34B7}"
EndProject
Project("{2150E333-8FDC-42A3-9474-1A3956D46DE8}") = "Task 18", "Task 18", "{127D5964-B469-44AA-9990-CCC565FB15F0}"
EndProject
Project("{FAE04EC0-301F-11D3-BF4B-00C04F79EFBC}") = "TaskNo18", "TaskNo18\TaskNo18.csproj", "{DED8EDDA-52F3-44B8-9EFE-E304D805387C}"
EndProject
Project("{2150E333-8FDC-42A3-9474-1A3956D46DE8}") = "Task 19", "Task 19", "{F8ABACDD-93FA-4D4B-BDCB-CB6EE314502E}"
EndProject
Project("{FAE04EC0-301F-11D3-BF4B-00C04F79EFBC}") = "TaskNo19", "TaskNo19\TaskNo19.csproj", "{E34A1D95-0FD7-4B97-9179-CCCC49A54FF2}"
EndProject
Global
	GlobalSection(SolutionConfigurationPlatforms) = preSolution
		Debug|Any CPU = Debug|Any CPU
		Release|Any CPU = Release|Any CPU
	EndGlobalSection
	GlobalSection(ProjectConfigurationPlatforms) = postSolution
		{ED8AE6B9-B31A-436B-95B2-2537106AA4C4}.Debug|Any CPU.ActiveCfg = Debug|Any CPU
		{ED8AE6B9-B31A-436B-95B2-2537106AA4C4}.Debug|Any CPU.Build.0 = Debug|Any CPU
		{ED8AE6B9-B31A-436B-95B2-2537106AA4C4}.Release|Any CPU.ActiveCfg = Release|Any CPU
		{ED8AE6B9-B31A-436B-95B2-2537106AA4C4}.Release|Any CPU.Build.0 = Release|Any CPU
		{47B93853-84C3-486D-B72C-878D97CD9924}.Debug|Any CPU.ActiveCfg = Debug|Any CPU
		{47B93853-84C3-486D-B72C-878D97CD9924}.Debug|Any CPU.Build.0 = Debug|Any CPU
		{47B93853-84C3-486D-B72C-878D97CD9924}.Release|Any CPU.ActiveCfg = Release|Any CPU
		{47B93853-84C3-486D-B72C-878D97CD9924}.Release|Any CPU.Build.0 = Release|Any CPU
		{DDBC5855-2AF0-4093-B800-5321A30D8166}.Debug|Any CPU.ActiveCfg = Debug|Any CPU
		{DDBC5855-2AF0-4093-B800-5321A30D8166}.Debug|Any CPU.Build.0 = Debug|Any CPU
		{DDBC5855-2AF0-4093-B800-5321A30D8166}.Release|Any CPU.ActiveCfg = Release|Any CPU
		{DDBC5855-2AF0-4093-B800-5321A30D8166}.Release|Any CPU.Build.0 = Release|Any CPU
		{320848C9-449A-477E-9747-7155806B9FDC}.Debug|Any CPU.ActiveCfg = Debug|Any CPU
		{320848C9-449A-477E-9747-7155806B9FDC}.Debug|Any CPU.Build.0 = Debug|Any CPU
		{320848C9-449A-477E-9747-7155806B9FDC}.Release|Any CPU.ActiveCfg = Release|Any CPU
		{320848C9-449A-477E-9747-7155806B9FDC}.Release|Any CPU.Build.0 = Release|Any CPU
		{9293A533-B640-42BF-9DC6-B0EB7BC5795D}.Debug|Any CPU.ActiveCfg = Debug|Any CPU
		{9293A533-B640-42BF-9DC6-B0EB7BC5795D}.Debug|Any CPU.Build.0 = Debug|Any CPU
		{9293A533-B640-42BF-9DC6-B0EB7BC5795D}.Release|Any CPU.ActiveCfg = Release|Any CPU
		{9293A533-B640-42BF-9DC6-B0EB7BC5795D}.Release|Any CPU.Build.0 = Release|Any CPU
		{E7BFF5DC-C91E-4521-AA5D-B796578041F3}.Debug|Any CPU.ActiveCfg = Debug|Any CPU
		{E7BFF5DC-C91E-4521-AA5D-B796578041F3}.Debug|Any CPU.Build.0 = Debug|Any CPU
		{E7BFF5DC-C91E-4521-AA5D-B796578041F3}.Release|Any CPU.ActiveCfg = Release|Any CPU
		{E7BFF5DC-C91E-4521-AA5D-B796578041F3}.Release|Any CPU.Build.0 = Release|Any CPU
		{2BA67EB6-2B4B-472F-8ADC-BBB4945E2269}.Debug|Any CPU.ActiveCfg = Debug|Any CPU
		{2BA67EB6-2B4B-472F-8ADC-BBB4945E2269}.Debug|Any CPU.Build.0 = Debug|Any CPU
		{2BA67EB6-2B4B-472F-8ADC-BBB4945E2269}.Release|Any CPU.ActiveCfg = Release|Any CPU
		{2BA67EB6-2B4B-472F-8ADC-BBB4945E2269}.Release|Any CPU.Build.0 = Release|Any CPU
		{94065533-34B3-4F68-BF26-324222A9AF53}.Debug|Any CPU.ActiveCfg = Debug|Any CPU
		{94065533-34B3-4F68-BF26-324222A9AF53}.Debug|Any CPU.Build.0 = Debug|Any CPU
		{94065533-34B3-4F68-BF26-324222A9AF53}.Release|Any CPU.ActiveCfg = Release|Any CPU
		{94065533-34B3-4F68-BF26-324222A9AF53}.Release|Any CPU.Build.0 = Release|Any CPU
		{6582E921-08B6-44F9-8F1B-0304675D9616}.Debug|Any CPU.ActiveCfg = Debug|Any CPU
		{6582E921-08B6-44F9-8F1B-0304675D9616}.Debug|Any CPU.Build.0 = Debug|Any CPU
		{6582E921-08B6-44F9-8F1B-0304675D9616}.Release|Any CPU.ActiveCfg = Release|Any CPU
		{6582E921-08B6-44F9-8F1B-0304675D9616}.Release|Any CPU.Build.0 = Release|Any CPU
		{4AD5E97A-F87C-40E8-980D-92C7558B6A57}.Debug|Any CPU.ActiveCfg = Debug|Any CPU
		{4AD5E97A-F87C-40E8-980D-92C7558B6A57}.Debug|Any CPU.Build.0 = Debug|Any CPU
		{4AD5E97A-F87C-40E8-980D-92C7558B6A57}.Release|Any CPU.ActiveCfg = Release|Any CPU
		{4AD5E97A-F87C-40E8-980D-92C7558B6A57}.Release|Any CPU.Build.0 = Release|Any CPU
		{9AA5B3AA-630F-405E-81BC-99221CBF112B}.Debug|Any CPU.ActiveCfg = Debug|Any CPU
		{9AA5B3AA-630F-405E-81BC-99221CBF112B}.Debug|Any CPU.Build.0 = Debug|Any CPU
		{9AA5B3AA-630F-405E-81BC-99221CBF112B}.Release|Any CPU.ActiveCfg = Release|Any CPU
		{9AA5B3AA-630F-405E-81BC-99221CBF112B}.Release|Any CPU.Build.0 = Release|Any CPU
		{77400178-E5EE-4969-B611-61F1875A7451}.Debug|Any CPU.ActiveCfg = Debug|Any CPU
		{77400178-E5EE-4969-B611-61F1875A7451}.Debug|Any CPU.Build.0 = Debug|Any CPU
		{77400178-E5EE-4969-B611-61F1875A7451}.Release|Any CPU.ActiveCfg = Release|Any CPU
		{77400178-E5EE-4969-B611-61F1875A7451}.Release|Any CPU.Build.0 = Release|Any CPU
		{44C6270C-81D9-42FE-981B-1C42D984B8E6}.Debug|Any CPU.ActiveCfg = Debug|Any CPU
		{44C6270C-81D9-42FE-981B-1C42D984B8E6}.Debug|Any CPU.Build.0 = Debug|Any CPU
		{44C6270C-81D9-42FE-981B-1C42D984B8E6}.Release|Any CPU.ActiveCfg = Release|Any CPU
		{44C6270C-81D9-42FE-981B-1C42D984B8E6}.Release|Any CPU.Build.0 = Release|Any CPU
		{E6EE0382-D5D5-4B93-897C-652EC13D6072}.Debug|Any CPU.ActiveCfg = Debug|Any CPU
		{E6EE0382-D5D5-4B93-897C-652EC13D6072}.Debug|Any CPU.Build.0 = Debug|Any CPU
		{E6EE0382-D5D5-4B93-897C-652EC13D6072}.Release|Any CPU.ActiveCfg = Release|Any CPU
		{E6EE0382-D5D5-4B93-897C-652EC13D6072}.Release|Any CPU.Build.0 = Release|Any CPU
		{477658CA-9C18-444D-A679-FD7F7363CD42}.Debug|Any CPU.ActiveCfg = Debug|Any CPU
		{477658CA-9C18-444D-A679-FD7F7363CD42}.Debug|Any CPU.Build.0 = Debug|Any CPU
		{477658CA-9C18-444D-A679-FD7F7363CD42}.Release|Any CPU.ActiveCfg = Release|Any CPU
		{477658CA-9C18-444D-A679-FD7F7363CD42}.Release|Any CPU.Build.0 = Release|Any CPU
		{6C46A9F1-80B2-4486-AE7D-B5DCCA53EEF5}.Debug|Any CPU.ActiveCfg = Debug|Any CPU
		{6C46A9F1-80B2-4486-AE7D-B5DCCA53EEF5}.Debug|Any CPU.Build.0 = Debug|Any CPU
		{6C46A9F1-80B2-4486-AE7D-B5DCCA53EEF5}.Release|Any CPU.ActiveCfg = Release|Any CPU
		{6C46A9F1-80B2-4486-AE7D-B5DCCA53EEF5}.Release|Any CPU.Build.0 = Release|Any CPU
		{6FD830CA-40D4-4CE4-B143-268AC5CD34B7}.Debug|Any CPU.ActiveCfg = Debug|Any CPU
		{6FD830CA-40D4-4CE4-B143-268AC5CD34B7}.Debug|Any CPU.Build.0 = Debug|Any CPU
		{6FD830CA-40D4-4CE4-B143-268AC5CD34B7}.Release|Any CPU.ActiveCfg = Release|Any CPU
		{6FD830CA-40D4-4CE4-B143-268AC5CD34B7}.Release|Any CPU.Build.0 = Release|Any CPU
		{DED8EDDA-52F3-44B8-9EFE-E304D805387C}.Debug|Any CPU.ActiveCfg = Debug|Any CPU
		{DED8EDDA-52F3-44B8-9EFE-E304D805387C}.Debug|Any CPU.Build.0 = Debug|Any CPU
		{DED8EDDA-52F3-44B8-9EFE-E304D805387C}.Release|Any CPU.ActiveCfg = Release|Any CPU
		{DED8EDDA-52F3-44B8-9EFE-E304D805387C}.Release|Any CPU.Build.0 = Release|Any CPU
		{E34A1D95-0FD7-4B97-9179-CCCC49A54FF2}.Debug|Any CPU.ActiveCfg = Debug|Any CPU
		{E34A1D95-0FD7-4B97-9179-CCCC49A54FF2}.Debug|Any CPU.Build.0 = Debug|Any CPU
		{E34A1D95-0FD7-4B97-9179-CCCC49A54FF2}.Release|Any CPU.ActiveCfg = Release|Any CPU
		{E34A1D95-0FD7-4B97-9179-CCCC49A54FF2}.Release|Any CPU.Build.0 = Release|Any CPU
	EndGlobalSection
	GlobalSection(SolutionProperties) = preSolution
		HideSolutionNode = FALSE
	EndGlobalSection
	GlobalSection(NestedProjects) = preSolution
		{ED8AE6B9-B31A-436B-95B2-2537106AA4C4} = {225759EE-2593-4D33-A983-9A094B0C43B1}
		{47B93853-84C3-486D-B72C-878D97CD9924} = {7B1883C7-D86C-4293-9236-6CC260F4F2CF}
		{DDBC5855-2AF0-4093-B800-5321A30D8166} = {C39ADC83-33A8-4F32-B936-486CC991987B}
		{320848C9-449A-477E-9747-7155806B9FDC} = {980D583B-6B8A-4ECE-B7B3-B97E6709D9FA}
		{9293A533-B640-42BF-9DC6-B0EB7BC5795D} = {A455F025-7B53-4147-A550-A18D0D4F1AEA}
		{E7BFF5DC-C91E-4521-AA5D-B796578041F3} = {C92A6762-4E17-4A8D-9333-1DE6F27E68CE}
		{2BA67EB6-2B4B-472F-8ADC-BBB4945E2269} = {A38A0D8F-2F94-40CB-B954-5E8DBEC3D10F}
		{94065533-34B3-4F68-BF26-324222A9AF53} = {71AB07D4-2DA0-484A-894F-487E9B591FDF}
		{6582E921-08B6-44F9-8F1B-0304675D9616} = {BFBBA70D-E657-4468-9BCE-4376D162FCF7}
		{4AD5E97A-F87C-40E8-980D-92C7558B6A57} = {7F58B8AD-AB4F-4A78-9DE8-4CE6EFF1BEDC}
		{9AA5B3AA-630F-405E-81BC-99221CBF112B} = {C0102214-D89F-4D0B-ACD3-1C8601F81A7C}
		{77400178-E5EE-4969-B611-61F1875A7451} = {04591322-BBE4-402E-A455-B5EB7C789C07}
		{44C6270C-81D9-42FE-981B-1C42D984B8E6} = {18C3EE06-DB15-49D6-8198-345F3970DB9B}
		{E6EE0382-D5D5-4B93-897C-652EC13D6072} = {46BA3F9A-8416-4527-AAC0-FC5A66E7A08C}
		{477658CA-9C18-444D-A679-FD7F7363CD42} = {D8CB1209-2C94-47E7-A999-77B7A98F2CFE}
		{6C46A9F1-80B2-4486-AE7D-B5DCCA53EEF5} = {D8992B33-DBF9-420E-A2D4-073F6F2636A1}
		{6FD830CA-40D4-4CE4-B143-268AC5CD34B7} = {4BA0DB4B-3E3A-4E9D-8F92-9490A134159D}
		{DED8EDDA-52F3-44B8-9EFE-E304D805387C} = {127D5964-B469-44AA-9990-CCC565FB15F0}
		{E34A1D95-0FD7-4B97-9179-CCCC49A54FF2} = {F8ABACDD-93FA-4D4B-BDCB-CB6EE314502E}
	EndGlobalSection
	GlobalSection(ExtensibilityGlobals) = postSolution
		SolutionGuid = {7F5ADE3F-6C44-47C8-B6F4-31FB88FD0935}
	EndGlobalSection
EndGlobal
