
Microsoft Visual Studio Solution File, Format Version 12.00
# Visual Studio Version 17
VisualStudioVersion = 17.7.34031.279
MinimumVisualStudioVersion = 10.0.40219.1
Project("{9A19103F-16F7-4668-BE54-9A1E7A4F7556}") = "DemoVariables_v0.1", "DemoVariables_v0.1\DemoVariables_v0.1.csproj", "{ED8AE6B9-B31A-436B-95B2-2537106AA4C4}"
EndProject
Project("{9A19103F-16F7-4668-BE54-9A1E7A4F7556}") = "TaskNoOne", "TaskNoOne\TaskNoOne.csproj", "{47B93853-84C3-486D-B72C-878D97CD9924}"
EndProject
Project("{9A19103F-16F7-4668-BE54-9A1E7A4F7556}") = "TaskNoTwo20231017", "TaskNoTwo20231017\TaskNoTwo20231017.csproj", "{DDBC5855-2AF0-4093-B800-5321A30D8166}"
EndProject
Project("{9A19103F-16F7-4668-BE54-9A1E7A4F7556}") = "TaskNoThree20231017", "TaskNoThree20231017\TaskNoThree20231017.csproj", "{320848C9-449A-477E-9747-7155806B9FDC}"
EndProject
Project("{9A19103F-16F7-4668-BE54-9A1E7A4F7556}") = "TaskNoFour20231017", "TaskNoFour20231017\TaskNoFour20231017.csproj", "{9293A533-B640-42BF-9DC6-B0EB7BC5795D}"
EndProject
Project("{9A19103F-16F7-4668-BE54-9A1E7A4F7556}") = "TaskNoFive", "TaskNoFive\TaskNoFive.csproj", "{E7BFF5DC-C91E-4521-AA5D-B796578041F3}"
EndProject
Project("{9A19103F-16F7-4668-BE54-9A1E7A4F7556}") = "TaskNo_07", "TaskNo_07\TaskNo_07.csproj", "{2BA67EB6-2B4B-472F-8ADC-BBB4945E2269}"
EndProject
Project("{2150E333-8FDC-42A3-9474-1A3956D46DE8}") = "Variables", "Variables", "{225759EE-2593-4D33-A983-9A094B0C43B1}"
EndProject
Project("{2150E333-8FDC-42A3-9474-1A3956D46DE8}") = "Task 01", "Task 01", "{7B1883C7-D86C-4293-9236-6CC260F4F2CF}"
EndProject
Project("{2150E333-8FDC-42A3-9474-1A3956D46DE8}") = "Task 02", "Task 02", "{C39ADC83-33A8-4F32-B936-486CC991987B}"
EndProject
Project("{2150E333-8FDC-42A3-9474-1A3956D46DE8}") = "Task 03", "Task 03", "{980D583B-6B8A-4ECE-B7B3-B97E6709D9FA}"
EndProject
Project("{2150E333-8FDC-42A3-9474-1A3956D46DE8}") = "Task 04", "Task 04", "{A455F025-7B53-4147-A550-A18D0D4F1AEA}"
EndProject
Project("{2150E333-8FDC-42A3-9474-1A3956D46DE8}") = "Task 04 and 05", "Task 04 and 05", "{C92A6762-4E17-4A8D-9333-1DE6F27E68CE}"
EndProject
Project("{2150E333-8FDC-42A3-9474-1A3956D46DE8}") = "Task 08", "Task 08", "{71AB07D4-2DA0-484A-894F-487E9B591FDF}"
EndProject
Project("{2150E333-8FDC-42A3-9474-1A3956D46DE8}") = "Task 07", "Task 07", "{A38A0D8F-2F94-40CB-B954-5E8DBEC3D10F}"
EndProject
Project("{9A19103F-16F7-4668-BE54-9A1E7A4F7556}") = "TaskNo08", "TaskNo08\TaskNo08.csproj", "{94065533-34B3-4F68-BF26-324222A9AF53}"
EndProject
Project("{2150E333-8FDC-42A3-9474-1A3956D46DE8}") = "Task 09", "Task 09", "{BFBBA70D-E657-4468-9BCE-4376D162FCF7}"
EndProject
Project("{9A19103F-16F7-4668-BE54-9A1E7A4F7556}") = "TaskNo09", "TaskNo09\TaskNo09.csproj", "{6582E921-08B6-44F9-8F1B-0304675D9616}"
EndProject
Project("{2150E333-8FDC-42A3-9474-1A3956D46DE8}") = "Task 10", "Task 10", "{7F58B8AD-AB4F-4A78-9DE8-4CE6EFF1BEDC}"
EndProject
Project("{9A19103F-16F7-4668-BE54-9A1E7A4F7556}") = "TaskNo10", "TaskNo10\TaskNo10.csproj", "{4AD5E97A-F87C-40E8-980D-92C7558B6A57}"
EndProject
Project("{2150E333-8FDC-42A3-9474-1A3956D46DE8}") = "Task 11", "Task 11", "{C0102214-D89F-4D0B-ACD3-1C8601F81A7C}"
EndProject
Project("{9A19103F-16F7-4668-BE54-9A1E7A4F7556}") = "TaskNo11", "TaskNo11\TaskNo11.csproj", "{9AA5B3AA-630F-405E-81BC-99221CBF112B}"
EndProject
Project("{2150E333-8FDC-42A3-9474-1A3956D46DE8}") = "Task 12", "Task 12", "{04591322-BBE4-402E-A455-B5EB7C789C07}"
EndProject
Project("{9A19103F-16F7-4668-BE54-9A1E7A4F7556}") = "TaskNo12", "TaskNo12\TaskNo12.csproj", "{77400178-E5EE-4969-B611-61F1875A7451}"
EndProject
Project("{2150E333-8FDC-42A3-9474-1A3956D46DE8}") = "Task 13", "Task 13", "{18C3EE06-DB15-49D6-8198-345F3970DB9B}"
EndProject
Project("{9A19103F-16F7-4668-BE54-9A1E7A4F7556}") = "TaskNo13", "TaskNo13\TaskNo13.csproj", "{44C6270C-81D9-42FE-981B-1C42D984B8E6}"
EndProject
Project("{2150E333-8FDC-42A3-9474-1A3956D46DE8}") = "Task 14", "Task 14", "{46BA3F9A-8416-4527-AAC0-FC5A66E7A08C}"
EndProject
Project("{9A19103F-16F7-4668-BE54-9A1E7A4F7556}") = "TaskNo14", "TaskNo14\TaskNo14.csproj", "{E6EE0382-D5D5-4B93-897C-652EC13D6072}"
EndProject
Project("{2150E333-8FDC-42A3-9474-1A3956D46DE8}") = "Task 15", "Task 15", "{D8CB1209-2C94-47E7-A999-77B7A98F2CFE}"
EndProject
Project("{9A19103F-16F7-4668-BE54-9A1E7A4F7556}") = "TaskNo15", "TaskNo15\TaskNo15.csproj", "{477658CA-9C18-444D-A679-FD7F7363CD42}"
EndProject
Project("{2150E333-8FDC-42A3-9474-1A3956D46DE8}") = "Task 16", "Task 16", "{D8992B33-DBF9-420E-A2D4-073F6F2636A1}"
EndProject
Project("{9A19103F-16F7-4668-BE54-9A1E7A4F7556}") = "TaskNo16", "TaskNo16\TaskNo16.csproj", "{6C46A9F1-80B2-4486-AE7D-B5DCCA53EEF5}"
EndProject
Project("{2150E333-8FDC-42A3-9474-1A3956D46DE8}") = "Task 17", "Task 17", "{4BA0DB4B-3E3A-4E9D-8F92-9490A134159D}"
EndProject
Project("{9A19103F-16F7-4668-BE54-9A1E7A4F7556}") = "TaskNo17", "TaskNo17\TaskNo17.csproj", "{6FD830CA-40D4-4CE4-B143-268AC5CD34B7}"
EndProject
Project("{2150E333-8FDC-42A3-9474-1A3956D46DE8}") = "Task 18", "Task 18", "{127D5964-B469-44AA-9990-CCC565FB15F0}"
EndProject
Project("{9A19103F-16F7-4668-BE54-9A1E7A4F7556}") = "TaskNo18", "TaskNo18\TaskNo18.csproj", "{DED8EDDA-52F3-44B8-9EFE-E304D805387C}"
EndProject
Project("{2150E333-8FDC-42A3-9474-1A3956D46DE8}") = "Task 19", "Task 19", "{F8ABACDD-93FA-4D4B-BDCB-CB6EE314502E}"
EndProject
Project("{9A19103F-16F7-4668-BE54-9A1E7A4F7556}") = "TaskNo19", "TaskNo19\TaskNo19.csproj", "{E34A1D95-0FD7-4B97-9179-CCCC49A54FF2}"
EndProject
Project("{2150E333-8FDC-42A3-9474-1A3956D46DE8}") = "Task 20", "Task 20", "{5134574C-1121-49B1-8291-638E17CAC215}"
EndProject
Project("{9A19103F-16F7-4668-BE54-9A1E7A4F7556}") = "TaskNo20", "TaskNo20\TaskNo20.csproj", "{89BEE3B6-6F3C-4FA3-8826-6DB373B0191B}"
EndProject
Project("{2150E333-8FDC-42A3-9474-1A3956D46DE8}") = "Task 21", "Task 21", "{9246792B-6445-4474-BDEC-A87CCBF798A0}"
EndProject
Project("{9A19103F-16F7-4668-BE54-9A1E7A4F7556}") = "TaskNo21", "TaskNo21\TaskNo21.csproj", "{6D4C014D-5E3B-47C2-8BAB-7CFBDB339460}"
EndProject
Project("{2150E333-8FDC-42A3-9474-1A3956D46DE8}") = "Task 22", "Task 22", "{B2856765-3199-427F-81AD-9C8855A898DF}"
EndProject
Project("{9A19103F-16F7-4668-BE54-9A1E7A4F7556}") = "TaskNo22", "TAskNo22\TaskNo22.csproj", "{4C1F1ADA-9265-4812-9EBB-EC1D647738E1}"
EndProject
Project("{2150E333-8FDC-42A3-9474-1A3956D46DE8}") = "Task 23", "Task 23", "{1E987397-040C-4376-A6EF-3F656323441B}"
EndProject
Project("{9A19103F-16F7-4668-BE54-9A1E7A4F7556}") = "TaskNo23", "TaskNo23\TaskNo23.csproj", "{172D9E5E-B293-4A32-9091-2D4E9CEA5A83}"
EndProject
Project("{2150E333-8FDC-42A3-9474-1A3956D46DE8}") = "Task 24", "Task 24", "{A4102763-5D3F-4200-B262-65A3C7BC56F3}"
EndProject
Project("{9A19103F-16F7-4668-BE54-9A1E7A4F7556}") = "TaskNo24", "TaskNo24\TaskNo24.csproj", "{29046ECF-6E43-4D28-B479-E0108B9ADA5E}"
EndProject
Project("{2150E333-8FDC-42A3-9474-1A3956D46DE8}") = "Task 25", "Task 25", "{23192932-15CD-43F7-8760-19ED2C0A0B2D}"
EndProject
Project("{9A19103F-16F7-4668-BE54-9A1E7A4F7556}") = "TaskNo25", "TaskNo25\TaskNo25.csproj", "{1D605960-23F9-40F5-B877-543671A280EF}"
EndProject
Project("{2150E333-8FDC-42A3-9474-1A3956D46DE8}") = "Task 26", "Task 26", "{6EF3D773-2C46-4312-9C1F-F6CB4355AC7A}"
EndProject
Project("{9A19103F-16F7-4668-BE54-9A1E7A4F7556}") = "TaskNo26", "TaskNo26\TaskNo26.csproj", "{6DB55D09-7322-461E-A903-7450BE585F6C}"
EndProject
Project("{2150E333-8FDC-42A3-9474-1A3956D46DE8}") = "Task 27", "Task 27", "{256CFE61-4A9F-498F-A592-4786E34A80B3}"
EndProject
Project("{9A19103F-16F7-4668-BE54-9A1E7A4F7556}") = "TaskNo27", "TaskNo27\TaskNo27.csproj", "{E2D092F9-C690-42A0-B6D3-0E3AE028C791}"
EndProject
Project("{2150E333-8FDC-42A3-9474-1A3956D46DE8}") = "Task 28", "Task 28", "{E13B2BF7-C73B-4800-9525-702752D3F889}"
EndProject
Project("{9A19103F-16F7-4668-BE54-9A1E7A4F7556}") = "TaskNo28", "TaskNo28\TaskNo28.csproj", "{EF05DEC3-79C1-4261-9059-4409A3543CC3}"
EndProject
Project("{2150E333-8FDC-42A3-9474-1A3956D46DE8}") = "Task 29", "Task 29", "{1CA6AF59-0F94-4AE1-B920-F25B13DE2339}"
EndProject
Project("{9A19103F-16F7-4668-BE54-9A1E7A4F7556}") = "TaskNo29", "TaskNo29\TaskNo29.csproj", "{D164792A-BB4A-40E5-A414-07FA6161B1FB}"
EndProject
Project("{2150E333-8FDC-42A3-9474-1A3956D46DE8}") = "Task 30", "Task 30", "{61E5BCC5-D8FA-4E3E-9F43-7CCB9942FCFE}"
EndProject
Project("{9A19103F-16F7-4668-BE54-9A1E7A4F7556}") = "TaskNo30", "TaskNo30\TaskNo30.csproj", "{82429CAD-964F-4E1E-A426-74EF95FA4C04}"
EndProject
Project("{2150E333-8FDC-42A3-9474-1A3956D46DE8}") = "Task 31", "Task 31", "{E7BDE824-2447-40C0-B907-316769A4341D}"
EndProject
Project("{9A19103F-16F7-4668-BE54-9A1E7A4F7556}") = "TaskNo31", "TaskNo31\TaskNo31.csproj", "{33C872E8-42FD-4D91-B2B2-7B3AD69B18E6}"
EndProject
Project("{2150E333-8FDC-42A3-9474-1A3956D46DE8}") = "Task 32", "Task 32", "{1E2FA171-8C21-4F65-955C-F318AFF39553}"
EndProject
Project("{9A19103F-16F7-4668-BE54-9A1E7A4F7556}") = "TaskNo32", "TaskNo32\TaskNo32.csproj", "{89205566-97A0-40EC-8535-C0920BC7AE86}"
EndProject
Project("{2150E333-8FDC-42A3-9474-1A3956D46DE8}") = "Task 33", "Task 33", "{41DB1449-E1C0-4D80-AB33-F6D9DB87D961}"
EndProject
Project("{9A19103F-16F7-4668-BE54-9A1E7A4F7556}") = "TaskNo33", "TaskNo33\TaskNo33.csproj", "{ECCFA042-AA8F-4315-9AAF-2295F3FBE181}"
EndProject
Project("{2150E333-8FDC-42A3-9474-1A3956D46DE8}") = "Task 34", "Task 34", "{EDEA4652-B55E-4547-994F-7AE9D68E111A}"
EndProject
Project("{9A19103F-16F7-4668-BE54-9A1E7A4F7556}") = "TaskNo34", "TaskNo34\TaskNo34.csproj", "{A28EB56C-C1C5-4A07-B125-36076C9970B9}"
EndProject
Project("{2150E333-8FDC-42A3-9474-1A3956D46DE8}") = "Task 35", "Task 35", "{144D6A39-14E4-4B14-A3BC-1EB64E3AFE42}"
EndProject
Project("{9A19103F-16F7-4668-BE54-9A1E7A4F7556}") = "TaskNo35", "TaskNo35\TaskNo35.csproj", "{BB76B197-6B7F-4E03-B991-F1E8F49D06F4}"
EndProject
Project("{2150E333-8FDC-42A3-9474-1A3956D46DE8}") = "Task 36", "Task 36", "{474C9B4D-555B-4B3F-A534-7772DC3C37FC}"
EndProject
Project("{FAE04EC0-301F-11D3-BF4B-00C04F79EFBC}") = "TaskNo36", "TaskNo36\TaskNo36.csproj", "{4294C028-59D3-469E-8EEC-8DDCC8588A08}"
EndProject
Global
	GlobalSection(SolutionConfigurationPlatforms) = preSolution
		Debug|Any CPU = Debug|Any CPU
		Release|Any CPU = Release|Any CPU
	EndGlobalSection
	GlobalSection(ProjectConfigurationPlatforms) = postSolution
		{ED8AE6B9-B31A-436B-95B2-2537106AA4C4}.Debug|Any CPU.ActiveCfg = Debug|Any CPU
		{ED8AE6B9-B31A-436B-95B2-2537106AA4C4}.Debug|Any CPU.Build.0 = Debug|Any CPU
		{ED8AE6B9-B31A-436B-95B2-2537106AA4C4}.Release|Any CPU.ActiveCfg = Release|Any CPU
		{ED8AE6B9-B31A-436B-95B2-2537106AA4C4}.Release|Any CPU.Build.0 = Release|Any CPU
		{47B93853-84C3-486D-B72C-878D97CD9924}.Debug|Any CPU.ActiveCfg = Debug|Any CPU
		{47B93853-84C3-486D-B72C-878D97CD9924}.Debug|Any CPU.Build.0 = Debug|Any CPU
		{47B93853-84C3-486D-B72C-878D97CD9924}.Release|Any CPU.ActiveCfg = Release|Any CPU
		{47B93853-84C3-486D-B72C-878D97CD9924}.Release|Any CPU.Build.0 = Release|Any CPU
		{DDBC5855-2AF0-4093-B800-5321A30D8166}.Debug|Any CPU.ActiveCfg = Debug|Any CPU
		{DDBC5855-2AF0-4093-B800-5321A30D8166}.Debug|Any CPU.Build.0 = Debug|Any CPU
		{DDBC5855-2AF0-4093-B800-5321A30D8166}.Release|Any CPU.ActiveCfg = Release|Any CPU
		{DDBC5855-2AF0-4093-B800-5321A30D8166}.Release|Any CPU.Build.0 = Release|Any CPU
		{320848C9-449A-477E-9747-7155806B9FDC}.Debug|Any CPU.ActiveCfg = Debug|Any CPU
		{320848C9-449A-477E-9747-7155806B9FDC}.Debug|Any CPU.Build.0 = Debug|Any CPU
		{320848C9-449A-477E-9747-7155806B9FDC}.Release|Any CPU.ActiveCfg = Release|Any CPU
		{320848C9-449A-477E-9747-7155806B9FDC}.Release|Any CPU.Build.0 = Release|Any CPU
		{9293A533-B640-42BF-9DC6-B0EB7BC5795D}.Debug|Any CPU.ActiveCfg = Debug|Any CPU
		{9293A533-B640-42BF-9DC6-B0EB7BC5795D}.Debug|Any CPU.Build.0 = Debug|Any CPU
		{9293A533-B640-42BF-9DC6-B0EB7BC5795D}.Release|Any CPU.ActiveCfg = Release|Any CPU
		{9293A533-B640-42BF-9DC6-B0EB7BC5795D}.Release|Any CPU.Build.0 = Release|Any CPU
		{E7BFF5DC-C91E-4521-AA5D-B796578041F3}.Debug|Any CPU.ActiveCfg = Debug|Any CPU
		{E7BFF5DC-C91E-4521-AA5D-B796578041F3}.Debug|Any CPU.Build.0 = Debug|Any CPU
		{E7BFF5DC-C91E-4521-AA5D-B796578041F3}.Release|Any CPU.ActiveCfg = Release|Any CPU
		{E7BFF5DC-C91E-4521-AA5D-B796578041F3}.Release|Any CPU.Build.0 = Release|Any CPU
		{2BA67EB6-2B4B-472F-8ADC-BBB4945E2269}.Debug|Any CPU.ActiveCfg = Debug|Any CPU
		{2BA67EB6-2B4B-472F-8ADC-BBB4945E2269}.Debug|Any CPU.Build.0 = Debug|Any CPU
		{2BA67EB6-2B4B-472F-8ADC-BBB4945E2269}.Release|Any CPU.ActiveCfg = Release|Any CPU
		{2BA67EB6-2B4B-472F-8ADC-BBB4945E2269}.Release|Any CPU.Build.0 = Release|Any CPU
		{94065533-34B3-4F68-BF26-324222A9AF53}.Debug|Any CPU.ActiveCfg = Debug|Any CPU
		{94065533-34B3-4F68-BF26-324222A9AF53}.Debug|Any CPU.Build.0 = Debug|Any CPU
		{94065533-34B3-4F68-BF26-324222A9AF53}.Release|Any CPU.ActiveCfg = Release|Any CPU
		{94065533-34B3-4F68-BF26-324222A9AF53}.Release|Any CPU.Build.0 = Release|Any CPU
		{6582E921-08B6-44F9-8F1B-0304675D9616}.Debug|Any CPU.ActiveCfg = Debug|Any CPU
		{6582E921-08B6-44F9-8F1B-0304675D9616}.Debug|Any CPU.Build.0 = Debug|Any CPU
		{6582E921-08B6-44F9-8F1B-0304675D9616}.Release|Any CPU.ActiveCfg = Release|Any CPU
		{6582E921-08B6-44F9-8F1B-0304675D9616}.Release|Any CPU.Build.0 = Release|Any CPU
		{4AD5E97A-F87C-40E8-980D-92C7558B6A57}.Debug|Any CPU.ActiveCfg = Debug|Any CPU
		{4AD5E97A-F87C-40E8-980D-92C7558B6A57}.Debug|Any CPU.Build.0 = Debug|Any CPU
		{4AD5E97A-F87C-40E8-980D-92C7558B6A57}.Release|Any CPU.ActiveCfg = Release|Any CPU
		{4AD5E97A-F87C-40E8-980D-92C7558B6A57}.Release|Any CPU.Build.0 = Release|Any CPU
		{9AA5B3AA-630F-405E-81BC-99221CBF112B}.Debug|Any CPU.ActiveCfg = Debug|Any CPU
		{9AA5B3AA-630F-405E-81BC-99221CBF112B}.Debug|Any CPU.Build.0 = Debug|Any CPU
		{9AA5B3AA-630F-405E-81BC-99221CBF112B}.Release|Any CPU.ActiveCfg = Release|Any CPU
		{9AA5B3AA-630F-405E-81BC-99221CBF112B}.Release|Any CPU.Build.0 = Release|Any CPU
		{77400178-E5EE-4969-B611-61F1875A7451}.Debug|Any CPU.ActiveCfg = Debug|Any CPU
		{77400178-E5EE-4969-B611-61F1875A7451}.Debug|Any CPU.Build.0 = Debug|Any CPU
		{77400178-E5EE-4969-B611-61F1875A7451}.Release|Any CPU.ActiveCfg = Release|Any CPU
		{77400178-E5EE-4969-B611-61F1875A7451}.Release|Any CPU.Build.0 = Release|Any CPU
		{44C6270C-81D9-42FE-981B-1C42D984B8E6}.Debug|Any CPU.ActiveCfg = Debug|Any CPU
		{44C6270C-81D9-42FE-981B-1C42D984B8E6}.Debug|Any CPU.Build.0 = Debug|Any CPU
		{44C6270C-81D9-42FE-981B-1C42D984B8E6}.Release|Any CPU.ActiveCfg = Release|Any CPU
		{44C6270C-81D9-42FE-981B-1C42D984B8E6}.Release|Any CPU.Build.0 = Release|Any CPU
		{E6EE0382-D5D5-4B93-897C-652EC13D6072}.Debug|Any CPU.ActiveCfg = Debug|Any CPU
		{E6EE0382-D5D5-4B93-897C-652EC13D6072}.Debug|Any CPU.Build.0 = Debug|Any CPU
		{E6EE0382-D5D5-4B93-897C-652EC13D6072}.Release|Any CPU.ActiveCfg = Release|Any CPU
		{E6EE0382-D5D5-4B93-897C-652EC13D6072}.Release|Any CPU.Build.0 = Release|Any CPU
		{477658CA-9C18-444D-A679-FD7F7363CD42}.Debug|Any CPU.ActiveCfg = Debug|Any CPU
		{477658CA-9C18-444D-A679-FD7F7363CD42}.Debug|Any CPU.Build.0 = Debug|Any CPU
		{477658CA-9C18-444D-A679-FD7F7363CD42}.Release|Any CPU.ActiveCfg = Release|Any CPU
		{477658CA-9C18-444D-A679-FD7F7363CD42}.Release|Any CPU.Build.0 = Release|Any CPU
		{6C46A9F1-80B2-4486-AE7D-B5DCCA53EEF5}.Debug|Any CPU.ActiveCfg = Debug|Any CPU
		{6C46A9F1-80B2-4486-AE7D-B5DCCA53EEF5}.Debug|Any CPU.Build.0 = Debug|Any CPU
		{6C46A9F1-80B2-4486-AE7D-B5DCCA53EEF5}.Release|Any CPU.ActiveCfg = Release|Any CPU
		{6C46A9F1-80B2-4486-AE7D-B5DCCA53EEF5}.Release|Any CPU.Build.0 = Release|Any CPU
		{6FD830CA-40D4-4CE4-B143-268AC5CD34B7}.Debug|Any CPU.ActiveCfg = Debug|Any CPU
		{6FD830CA-40D4-4CE4-B143-268AC5CD34B7}.Debug|Any CPU.Build.0 = Debug|Any CPU
		{6FD830CA-40D4-4CE4-B143-268AC5CD34B7}.Release|Any CPU.ActiveCfg = Release|Any CPU
		{6FD830CA-40D4-4CE4-B143-268AC5CD34B7}.Release|Any CPU.Build.0 = Release|Any CPU
		{DED8EDDA-52F3-44B8-9EFE-E304D805387C}.Debug|Any CPU.ActiveCfg = Debug|Any CPU
		{DED8EDDA-52F3-44B8-9EFE-E304D805387C}.Debug|Any CPU.Build.0 = Debug|Any CPU
		{DED8EDDA-52F3-44B8-9EFE-E304D805387C}.Release|Any CPU.ActiveCfg = Release|Any CPU
		{DED8EDDA-52F3-44B8-9EFE-E304D805387C}.Release|Any CPU.Build.0 = Release|Any CPU
		{E34A1D95-0FD7-4B97-9179-CCCC49A54FF2}.Debug|Any CPU.ActiveCfg = Debug|Any CPU
		{E34A1D95-0FD7-4B97-9179-CCCC49A54FF2}.Debug|Any CPU.Build.0 = Debug|Any CPU
		{E34A1D95-0FD7-4B97-9179-CCCC49A54FF2}.Release|Any CPU.ActiveCfg = Release|Any CPU
		{E34A1D95-0FD7-4B97-9179-CCCC49A54FF2}.Release|Any CPU.Build.0 = Release|Any CPU
		{89BEE3B6-6F3C-4FA3-8826-6DB373B0191B}.Debug|Any CPU.ActiveCfg = Debug|Any CPU
		{89BEE3B6-6F3C-4FA3-8826-6DB373B0191B}.Debug|Any CPU.Build.0 = Debug|Any CPU
		{89BEE3B6-6F3C-4FA3-8826-6DB373B0191B}.Release|Any CPU.ActiveCfg = Release|Any CPU
		{89BEE3B6-6F3C-4FA3-8826-6DB373B0191B}.Release|Any CPU.Build.0 = Release|Any CPU
		{6D4C014D-5E3B-47C2-8BAB-7CFBDB339460}.Debug|Any CPU.ActiveCfg = Debug|Any CPU
		{6D4C014D-5E3B-47C2-8BAB-7CFBDB339460}.Debug|Any CPU.Build.0 = Debug|Any CPU
		{6D4C014D-5E3B-47C2-8BAB-7CFBDB339460}.Release|Any CPU.ActiveCfg = Release|Any CPU
		{6D4C014D-5E3B-47C2-8BAB-7CFBDB339460}.Release|Any CPU.Build.0 = Release|Any CPU
		{4C1F1ADA-9265-4812-9EBB-EC1D647738E1}.Debug|Any CPU.ActiveCfg = Debug|Any CPU
		{4C1F1ADA-9265-4812-9EBB-EC1D647738E1}.Debug|Any CPU.Build.0 = Debug|Any CPU
		{4C1F1ADA-9265-4812-9EBB-EC1D647738E1}.Release|Any CPU.ActiveCfg = Release|Any CPU
		{4C1F1ADA-9265-4812-9EBB-EC1D647738E1}.Release|Any CPU.Build.0 = Release|Any CPU
		{172D9E5E-B293-4A32-9091-2D4E9CEA5A83}.Debug|Any CPU.ActiveCfg = Debug|Any CPU
		{172D9E5E-B293-4A32-9091-2D4E9CEA5A83}.Debug|Any CPU.Build.0 = Debug|Any CPU
		{172D9E5E-B293-4A32-9091-2D4E9CEA5A83}.Release|Any CPU.ActiveCfg = Release|Any CPU
		{172D9E5E-B293-4A32-9091-2D4E9CEA5A83}.Release|Any CPU.Build.0 = Release|Any CPU
		{29046ECF-6E43-4D28-B479-E0108B9ADA5E}.Debug|Any CPU.ActiveCfg = Debug|Any CPU
		{29046ECF-6E43-4D28-B479-E0108B9ADA5E}.Debug|Any CPU.Build.0 = Debug|Any CPU
		{29046ECF-6E43-4D28-B479-E0108B9ADA5E}.Release|Any CPU.ActiveCfg = Release|Any CPU
		{29046ECF-6E43-4D28-B479-E0108B9ADA5E}.Release|Any CPU.Build.0 = Release|Any CPU
		{1D605960-23F9-40F5-B877-543671A280EF}.Debug|Any CPU.ActiveCfg = Debug|Any CPU
		{1D605960-23F9-40F5-B877-543671A280EF}.Debug|Any CPU.Build.0 = Debug|Any CPU
		{1D605960-23F9-40F5-B877-543671A280EF}.Release|Any CPU.ActiveCfg = Release|Any CPU
		{1D605960-23F9-40F5-B877-543671A280EF}.Release|Any CPU.Build.0 = Release|Any CPU
		{6DB55D09-7322-461E-A903-7450BE585F6C}.Debug|Any CPU.ActiveCfg = Debug|Any CPU
		{6DB55D09-7322-461E-A903-7450BE585F6C}.Debug|Any CPU.Build.0 = Debug|Any CPU
		{6DB55D09-7322-461E-A903-7450BE585F6C}.Release|Any CPU.ActiveCfg = Release|Any CPU
		{6DB55D09-7322-461E-A903-7450BE585F6C}.Release|Any CPU.Build.0 = Release|Any CPU
		{E2D092F9-C690-42A0-B6D3-0E3AE028C791}.Debug|Any CPU.ActiveCfg = Debug|Any CPU
		{E2D092F9-C690-42A0-B6D3-0E3AE028C791}.Debug|Any CPU.Build.0 = Debug|Any CPU
		{E2D092F9-C690-42A0-B6D3-0E3AE028C791}.Release|Any CPU.ActiveCfg = Release|Any CPU
		{E2D092F9-C690-42A0-B6D3-0E3AE028C791}.Release|Any CPU.Build.0 = Release|Any CPU
		{EF05DEC3-79C1-4261-9059-4409A3543CC3}.Debug|Any CPU.ActiveCfg = Debug|Any CPU
		{EF05DEC3-79C1-4261-9059-4409A3543CC3}.Debug|Any CPU.Build.0 = Debug|Any CPU
		{EF05DEC3-79C1-4261-9059-4409A3543CC3}.Release|Any CPU.ActiveCfg = Release|Any CPU
		{EF05DEC3-79C1-4261-9059-4409A3543CC3}.Release|Any CPU.Build.0 = Release|Any CPU
		{D164792A-BB4A-40E5-A414-07FA6161B1FB}.Debug|Any CPU.ActiveCfg = Debug|Any CPU
		{D164792A-BB4A-40E5-A414-07FA6161B1FB}.Debug|Any CPU.Build.0 = Debug|Any CPU
		{D164792A-BB4A-40E5-A414-07FA6161B1FB}.Release|Any CPU.ActiveCfg = Release|Any CPU
		{D164792A-BB4A-40E5-A414-07FA6161B1FB}.Release|Any CPU.Build.0 = Release|Any CPU
		{82429CAD-964F-4E1E-A426-74EF95FA4C04}.Debug|Any CPU.ActiveCfg = Debug|Any CPU
		{82429CAD-964F-4E1E-A426-74EF95FA4C04}.Debug|Any CPU.Build.0 = Debug|Any CPU
		{82429CAD-964F-4E1E-A426-74EF95FA4C04}.Release|Any CPU.ActiveCfg = Release|Any CPU
		{82429CAD-964F-4E1E-A426-74EF95FA4C04}.Release|Any CPU.Build.0 = Release|Any CPU
		{33C872E8-42FD-4D91-B2B2-7B3AD69B18E6}.Debug|Any CPU.ActiveCfg = Debug|Any CPU
		{33C872E8-42FD-4D91-B2B2-7B3AD69B18E6}.Debug|Any CPU.Build.0 = Debug|Any CPU
		{33C872E8-42FD-4D91-B2B2-7B3AD69B18E6}.Release|Any CPU.ActiveCfg = Release|Any CPU
		{33C872E8-42FD-4D91-B2B2-7B3AD69B18E6}.Release|Any CPU.Build.0 = Release|Any CPU
		{89205566-97A0-40EC-8535-C0920BC7AE86}.Debug|Any CPU.ActiveCfg = Debug|Any CPU
		{89205566-97A0-40EC-8535-C0920BC7AE86}.Debug|Any CPU.Build.0 = Debug|Any CPU
		{89205566-97A0-40EC-8535-C0920BC7AE86}.Release|Any CPU.ActiveCfg = Release|Any CPU
		{89205566-97A0-40EC-8535-C0920BC7AE86}.Release|Any CPU.Build.0 = Release|Any CPU
		{ECCFA042-AA8F-4315-9AAF-2295F3FBE181}.Debug|Any CPU.ActiveCfg = Debug|Any CPU
		{ECCFA042-AA8F-4315-9AAF-2295F3FBE181}.Debug|Any CPU.Build.0 = Debug|Any CPU
		{ECCFA042-AA8F-4315-9AAF-2295F3FBE181}.Release|Any CPU.ActiveCfg = Release|Any CPU
		{ECCFA042-AA8F-4315-9AAF-2295F3FBE181}.Release|Any CPU.Build.0 = Release|Any CPU
		{A28EB56C-C1C5-4A07-B125-36076C9970B9}.Debug|Any CPU.ActiveCfg = Debug|Any CPU
		{A28EB56C-C1C5-4A07-B125-36076C9970B9}.Debug|Any CPU.Build.0 = Debug|Any CPU
		{A28EB56C-C1C5-4A07-B125-36076C9970B9}.Release|Any CPU.ActiveCfg = Release|Any CPU
		{A28EB56C-C1C5-4A07-B125-36076C9970B9}.Release|Any CPU.Build.0 = Release|Any CPU
		{BB76B197-6B7F-4E03-B991-F1E8F49D06F4}.Debug|Any CPU.ActiveCfg = Debug|Any CPU
		{BB76B197-6B7F-4E03-B991-F1E8F49D06F4}.Debug|Any CPU.Build.0 = Debug|Any CPU
		{BB76B197-6B7F-4E03-B991-F1E8F49D06F4}.Release|Any CPU.ActiveCfg = Release|Any CPU
		{BB76B197-6B7F-4E03-B991-F1E8F49D06F4}.Release|Any CPU.Build.0 = Release|Any CPU
		{4294C028-59D3-469E-8EEC-8DDCC8588A08}.Debug|Any CPU.ActiveCfg = Debug|Any CPU
		{4294C028-59D3-469E-8EEC-8DDCC8588A08}.Debug|Any CPU.Build.0 = Debug|Any CPU
		{4294C028-59D3-469E-8EEC-8DDCC8588A08}.Release|Any CPU.ActiveCfg = Release|Any CPU
		{4294C028-59D3-469E-8EEC-8DDCC8588A08}.Release|Any CPU.Build.0 = Release|Any CPU
	EndGlobalSection
	GlobalSection(SolutionProperties) = preSolution
		HideSolutionNode = FALSE
	EndGlobalSection
	GlobalSection(NestedProjects) = preSolution
		{ED8AE6B9-B31A-436B-95B2-2537106AA4C4} = {225759EE-2593-4D33-A983-9A094B0C43B1}
		{47B93853-84C3-486D-B72C-878D97CD9924} = {7B1883C7-D86C-4293-9236-6CC260F4F2CF}
		{DDBC5855-2AF0-4093-B800-5321A30D8166} = {C39ADC83-33A8-4F32-B936-486CC991987B}
		{320848C9-449A-477E-9747-7155806B9FDC} = {980D583B-6B8A-4ECE-B7B3-B97E6709D9FA}
		{9293A533-B640-42BF-9DC6-B0EB7BC5795D} = {A455F025-7B53-4147-A550-A18D0D4F1AEA}
		{E7BFF5DC-C91E-4521-AA5D-B796578041F3} = {C92A6762-4E17-4A8D-9333-1DE6F27E68CE}
		{2BA67EB6-2B4B-472F-8ADC-BBB4945E2269} = {A38A0D8F-2F94-40CB-B954-5E8DBEC3D10F}
		{94065533-34B3-4F68-BF26-324222A9AF53} = {71AB07D4-2DA0-484A-894F-487E9B591FDF}
		{6582E921-08B6-44F9-8F1B-0304675D9616} = {BFBBA70D-E657-4468-9BCE-4376D162FCF7}
		{4AD5E97A-F87C-40E8-980D-92C7558B6A57} = {7F58B8AD-AB4F-4A78-9DE8-4CE6EFF1BEDC}
		{9AA5B3AA-630F-405E-81BC-99221CBF112B} = {C0102214-D89F-4D0B-ACD3-1C8601F81A7C}
		{77400178-E5EE-4969-B611-61F1875A7451} = {04591322-BBE4-402E-A455-B5EB7C789C07}
		{44C6270C-81D9-42FE-981B-1C42D984B8E6} = {18C3EE06-DB15-49D6-8198-345F3970DB9B}
		{E6EE0382-D5D5-4B93-897C-652EC13D6072} = {46BA3F9A-8416-4527-AAC0-FC5A66E7A08C}
		{477658CA-9C18-444D-A679-FD7F7363CD42} = {D8CB1209-2C94-47E7-A999-77B7A98F2CFE}
		{6C46A9F1-80B2-4486-AE7D-B5DCCA53EEF5} = {D8992B33-DBF9-420E-A2D4-073F6F2636A1}
		{6FD830CA-40D4-4CE4-B143-268AC5CD34B7} = {4BA0DB4B-3E3A-4E9D-8F92-9490A134159D}
		{DED8EDDA-52F3-44B8-9EFE-E304D805387C} = {127D5964-B469-44AA-9990-CCC565FB15F0}
		{E34A1D95-0FD7-4B97-9179-CCCC49A54FF2} = {F8ABACDD-93FA-4D4B-BDCB-CB6EE314502E}
		{89BEE3B6-6F3C-4FA3-8826-6DB373B0191B} = {5134574C-1121-49B1-8291-638E17CAC215}
		{6D4C014D-5E3B-47C2-8BAB-7CFBDB339460} = {9246792B-6445-4474-BDEC-A87CCBF798A0}
		{4C1F1ADA-9265-4812-9EBB-EC1D647738E1} = {B2856765-3199-427F-81AD-9C8855A898DF}
		{172D9E5E-B293-4A32-9091-2D4E9CEA5A83} = {1E987397-040C-4376-A6EF-3F656323441B}
		{29046ECF-6E43-4D28-B479-E0108B9ADA5E} = {A4102763-5D3F-4200-B262-65A3C7BC56F3}
		{1D605960-23F9-40F5-B877-543671A280EF} = {23192932-15CD-43F7-8760-19ED2C0A0B2D}
		{6DB55D09-7322-461E-A903-7450BE585F6C} = {6EF3D773-2C46-4312-9C1F-F6CB4355AC7A}
		{E2D092F9-C690-42A0-B6D3-0E3AE028C791} = {256CFE61-4A9F-498F-A592-4786E34A80B3}
		{EF05DEC3-79C1-4261-9059-4409A3543CC3} = {E13B2BF7-C73B-4800-9525-702752D3F889}
		{D164792A-BB4A-40E5-A414-07FA6161B1FB} = {1CA6AF59-0F94-4AE1-B920-F25B13DE2339}
		{82429CAD-964F-4E1E-A426-74EF95FA4C04} = {61E5BCC5-D8FA-4E3E-9F43-7CCB9942FCFE}
		{33C872E8-42FD-4D91-B2B2-7B3AD69B18E6} = {E7BDE824-2447-40C0-B907-316769A4341D}
		{89205566-97A0-40EC-8535-C0920BC7AE86} = {1E2FA171-8C21-4F65-955C-F318AFF39553}
		{ECCFA042-AA8F-4315-9AAF-2295F3FBE181} = {41DB1449-E1C0-4D80-AB33-F6D9DB87D961}
		{A28EB56C-C1C5-4A07-B125-36076C9970B9} = {EDEA4652-B55E-4547-994F-7AE9D68E111A}
		{BB76B197-6B7F-4E03-B991-F1E8F49D06F4} = {144D6A39-14E4-4B14-A3BC-1EB64E3AFE42}
		{4294C028-59D3-469E-8EEC-8DDCC8588A08} = {474C9B4D-555B-4B3F-A534-7772DC3C37FC}
	EndGlobalSection
	GlobalSection(ExtensibilityGlobals) = postSolution
		SolutionGuid = {7F5ADE3F-6C44-47C8-B6F4-31FB88FD0935}
	EndGlobalSection
EndGlobal
